
Microsoft Visual Studio Solution File, Format Version 12.00
# Visual Studio Version 17
VisualStudioVersion = 17.13.35931.197
MinimumVisualStudioVersion = 10.0.40219.1
Project("{2150E333-8FDC-42A3-9474-1A3956D46DE8}") = "Src", "Src", "{02EA681E-C7D8-13C7-8484-4AC65E1B71E8}"
EndProject
Project("{2150E333-8FDC-42A3-9474-1A3956D46DE8}") = "Apis", "Apis", "{7DBBE75D-E3A7-452E-B42E-04E9178B5A10}"
EndProject
Project("{2150E333-8FDC-42A3-9474-1A3956D46DE8}") = "Core", "Core", "{C1157B1C-E04F-4DB0-BF05-1CBE1A9AA16A}"
EndProject
Project("{2150E333-8FDC-42A3-9474-1A3956D46DE8}") = "Infrastructure", "Infrastructure", "{A79ECA03-F749-4527-AD0E-FD0ECC645985}"
EndProject
Project("{2150E333-8FDC-42A3-9474-1A3956D46DE8}") = "Shared", "Shared", "{15A36021-4BF2-4BD2-832E-CCBDB35FB823}"
EndProject
Project("{FAE04EC0-301F-11D3-BF4B-00C04F79EFBC}") = "BookEvent.Apis", "BookEvent.Apis\BookEvent.Apis.csproj", "{47325363-1E0F-4F12-996F-0C5BB4DD3C76}"
EndProject
Project("{FAE04EC0-301F-11D3-BF4B-00C04F79EFBC}") = "BookEvent.Apis.Controller", "BookEvent.Apis.Controller\BookEvent.Apis.Controller.csproj", "{DF5D63A9-8FB4-43A9-AD2C-4DDE9AE81AFA}"
EndProject
Project("{FAE04EC0-301F-11D3-BF4B-00C04F79EFBC}") = "BookEvent.Core.Application", "BookEvent.Core.Application\BookEvent.Core.Application.csproj", "{8CC17EF3-2861-45D1-BF3E-A870AB21A144}"
EndProject
Project("{FAE04EC0-301F-11D3-BF4B-00C04F79EFBC}") = "BookEvent.Core.Application.Abstraction", "BookEvent.Core.Application.Abstraction\BookEvent.Core.Application.Abstraction.csproj", "{2A3D270B-3F9F-4A91-BCD7-84C455EE07A3}"
EndProject
Project("{FAE04EC0-301F-11D3-BF4B-00C04F79EFBC}") = "BookEvent.Core.Domain", "BookEvent.Core.Domain\BookEvent.Core.Domain.csproj", "{07980983-2B08-47AF-A985-D80987DC92BF}"
EndProject
Project("{FAE04EC0-301F-11D3-BF4B-00C04F79EFBC}") = "BookEvent.Infrastructure", "BookEvent.Infrastructure\BookEvent.Infrastructure.csproj", "{7D25CCC5-6FA5-4D99-9C7E-A9C7A4C5231F}"
EndProject
Project("{FAE04EC0-301F-11D3-BF4B-00C04F79EFBC}") = "BookEvent.Infrastructure.Persistence", "BookEvent.Infrastructure.Persistence\BookEvent.Infrastructure.Persistence.csproj", "{89FFD59F-1B1E-4FD9-903C-C378C537462B}"
EndProject
Project("{FAE04EC0-301F-11D3-BF4B-00C04F79EFBC}") = "BookEvent.Shared", "BookEvent.Shared\BookEvent.Shared.csproj", "{498B04B8-0BBA-49B5-BD61-09A70E1BEBC8}"
EndProject
Global
	GlobalSection(SolutionConfigurationPlatforms) = preSolution
		Debug|Any CPU = Debug|Any CPU
		Release|Any CPU = Release|Any CPU
	EndGlobalSection
	GlobalSection(ProjectConfigurationPlatforms) = postSolution
		{47325363-1E0F-4F12-996F-0C5BB4DD3C76}.Debug|Any CPU.ActiveCfg = Debug|Any CPU
		{47325363-1E0F-4F12-996F-0C5BB4DD3C76}.Debug|Any CPU.Build.0 = Debug|Any CPU
		{47325363-1E0F-4F12-996F-0C5BB4DD3C76}.Release|Any CPU.ActiveCfg = Release|Any CPU
		{47325363-1E0F-4F12-996F-0C5BB4DD3C76}.Release|Any CPU.Build.0 = Release|Any CPU
		{DF5D63A9-8FB4-43A9-AD2C-4DDE9AE81AFA}.Debug|Any CPU.ActiveCfg = Debug|Any CPU
		{DF5D63A9-8FB4-43A9-AD2C-4DDE9AE81AFA}.Debug|Any CPU.Build.0 = Debug|Any CPU
		{DF5D63A9-8FB4-43A9-AD2C-4DDE9AE81AFA}.Release|Any CPU.ActiveCfg = Release|Any CPU
		{DF5D63A9-8FB4-43A9-AD2C-4DDE9AE81AFA}.Release|Any CPU.Build.0 = Release|Any CPU
		{8CC17EF3-2861-45D1-BF3E-A870AB21A144}.Debug|Any CPU.ActiveCfg = Debug|Any CPU
		{8CC17EF3-2861-45D1-BF3E-A870AB21A144}.Debug|Any CPU.Build.0 = Debug|Any CPU
		{8CC17EF3-2861-45D1-BF3E-A870AB21A144}.Release|Any CPU.ActiveCfg = Release|Any CPU
		{8CC17EF3-2861-45D1-BF3E-A870AB21A144}.Release|Any CPU.Build.0 = Release|Any CPU
		{2A3D270B-3F9F-4A91-BCD7-84C455EE07A3}.Debug|Any CPU.ActiveCfg = Debug|Any CPU
		{2A3D270B-3F9F-4A91-BCD7-84C455EE07A3}.Debug|Any CPU.Build.0 = Debug|Any CPU
		{2A3D270B-3F9F-4A91-BCD7-84C455EE07A3}.Release|Any CPU.ActiveCfg = Release|Any CPU
		{2A3D270B-3F9F-4A91-BCD7-84C455EE07A3}.Release|Any CPU.Build.0 = Release|Any CPU
		{07980983-2B08-47AF-A985-D80987DC92BF}.Debug|Any CPU.ActiveCfg = Debug|Any CPU
		{07980983-2B08-47AF-A985-D80987DC92BF}.Debug|Any CPU.Build.0 = Debug|Any CPU
		{07980983-2B08-47AF-A985-D80987DC92BF}.Release|Any CPU.ActiveCfg = Release|Any CPU
		{07980983-2B08-47AF-A985-D80987DC92BF}.Release|Any CPU.Build.0 = Release|Any CPU
		{7D25CCC5-6FA5-4D99-9C7E-A9C7A4C5231F}.Debug|Any CPU.ActiveCfg = Debug|Any CPU
		{7D25CCC5-6FA5-4D99-9C7E-A9C7A4C5231F}.Debug|Any CPU.Build.0 = Debug|Any CPU
		{7D25CCC5-6FA5-4D99-9C7E-A9C7A4C5231F}.Release|Any CPU.ActiveCfg = Release|Any CPU
		{7D25CCC5-6FA5-4D99-9C7E-A9C7A4C5231F}.Release|Any CPU.Build.0 = Release|Any CPU
		{89FFD59F-1B1E-4FD9-903C-C378C537462B}.Debug|Any CPU.ActiveCfg = Debug|Any CPU
		{89FFD59F-1B1E-4FD9-903C-C378C537462B}.Debug|Any CPU.Build.0 = Debug|Any CPU
		{89FFD59F-1B1E-4FD9-903C-C378C537462B}.Release|Any CPU.ActiveCfg = Release|Any CPU
		{89FFD59F-1B1E-4FD9-903C-C378C537462B}.Release|Any CPU.Build.0 = Release|Any CPU
		{498B04B8-0BBA-49B5-BD61-09A70E1BEBC8}.Debug|Any CPU.ActiveCfg = Debug|Any CPU
		{498B04B8-0BBA-49B5-BD61-09A70E1BEBC8}.Debug|Any CPU.Build.0 = Debug|Any CPU
		{498B04B8-0BBA-49B5-BD61-09A70E1BEBC8}.Release|Any CPU.ActiveCfg = Release|Any CPU
		{498B04B8-0BBA-49B5-BD61-09A70E1BEBC8}.Release|Any CPU.Build.0 = Release|Any CPU
	EndGlobalSection
	GlobalSection(SolutionProperties) = preSolution
		HideSolutionNode = FALSE
	EndGlobalSection
	GlobalSection(NestedProjects) = preSolution
		{7DBBE75D-E3A7-452E-B42E-04E9178B5A10} = {02EA681E-C7D8-13C7-8484-4AC65E1B71E8}
		{C1157B1C-E04F-4DB0-BF05-1CBE1A9AA16A} = {02EA681E-C7D8-13C7-8484-4AC65E1B71E8}
		{A79ECA03-F749-4527-AD0E-FD0ECC645985} = {02EA681E-C7D8-13C7-8484-4AC65E1B71E8}
		{15A36021-4BF2-4BD2-832E-CCBDB35FB823} = {02EA681E-C7D8-13C7-8484-4AC65E1B71E8}
		{47325363-1E0F-4F12-996F-0C5BB4DD3C76} = {7DBBE75D-E3A7-452E-B42E-04E9178B5A10}
		{DF5D63A9-8FB4-43A9-AD2C-4DDE9AE81AFA} = {7DBBE75D-E3A7-452E-B42E-04E9178B5A10}
		{8CC17EF3-2861-45D1-BF3E-A870AB21A144} = {C1157B1C-E04F-4DB0-BF05-1CBE1A9AA16A}
		{2A3D270B-3F9F-4A91-BCD7-84C455EE07A3} = {C1157B1C-E04F-4DB0-BF05-1CBE1A9AA16A}
		{07980983-2B08-47AF-A985-D80987DC92BF} = {C1157B1C-E04F-4DB0-BF05-1CBE1A9AA16A}
		{7D25CCC5-6FA5-4D99-9C7E-A9C7A4C5231F} = {A79ECA03-F749-4527-AD0E-FD0ECC645985}
		{89FFD59F-1B1E-4FD9-903C-C378C537462B} = {A79ECA03-F749-4527-AD0E-FD0ECC645985}
		{498B04B8-0BBA-49B5-BD61-09A70E1BEBC8} = {15A36021-4BF2-4BD2-832E-CCBDB35FB823}
	EndGlobalSection
	GlobalSection(ExtensibilityGlobals) = postSolution
		SolutionGuid = {A3AAA1A1-6A58-4370-A87F-AD3DB1946BB8}
	EndGlobalSection
EndGlobal
